// !$*UTF8*$!
{
	archiveVersion = 1;
	classes = {
	};
	objectVersion = 56;
	objects = {

/* Begin PBXBuildFile section */
		3B8A8EF02A10F1B200E6F97D /* AppDelegate.swift in Sources */ = {isa = PBXBuildFile; fileRef = 3B8A8EEF2A10F1B200E6F97D /* AppDelegate.swift */; };
		3B8A8EF22A10F1B200E6F97D /* SceneDelegate.swift in Sources */ = {isa = PBXBuildFile; fileRef = 3B8A8EF12A10F1B200E6F97D /* SceneDelegate.swift */; };
		3B8A8EF42A10F1B200E6F97D /* ViewController.swift in Sources */ = {isa = PBXBuildFile; fileRef = 3B8A8EF32A10F1B200E6F97D /* ViewController.swift */; };
		3B8A8EF72A10F1B200E6F97D /* Main.storyboard in Resources */ = {isa = PBXBuildFile; fileRef = 3B8A8EF52A10F1B200E6F97D /* Main.storyboard */; };
		3B8A8EF92A10F1B200E6F97D /* Assets.xcassets in Resources */ = {isa = PBXBuildFile; fileRef = 3B8A8EF82A10F1B200E6F97D /* Assets.xcassets */; };
		3B8A8EFC2A10F1B200E6F97D /* LaunchScreen.storyboard in Resources */ = {isa = PBXBuildFile; fileRef = 3B8A8EFA2A10F1B200E6F97D /* LaunchScreen.storyboard */; };
		3B8A8F202A10F6FA00E6F97D /* ViewController2.swift in Sources */ = {isa = PBXBuildFile; fileRef = 3B8A8F1F2A10F6FA00E6F97D /* ViewController2.swift */; };
/* End PBXBuildFile section */

/* Begin PBXContainerItemProxy section */
		3B8A8F032A10F1B200E6F97D /* PBXContainerItemProxy */ = {
			isa = PBXContainerItemProxy;
			containerPortal = 3B8A8EE42A10F1B100E6F97D /* Project object */;
			proxyType = 1;
			remoteGlobalIDString = 3B8A8EEB2A10F1B100E6F97D;
			remoteInfo = "maraphon#5";
		};
		3B8A8F0D2A10F1B200E6F97D /* PBXContainerItemProxy */ = {
			isa = PBXContainerItemProxy;
			containerPortal = 3B8A8EE42A10F1B100E6F97D /* Project object */;
			proxyType = 1;
			remoteGlobalIDString = 3B8A8EEB2A10F1B100E6F97D;
			remoteInfo = "maraphon#5";
		};
/* End PBXContainerItemProxy section */

/* Begin PBXFileReference section */
		3B8A8EEC2A10F1B200E6F97D /* maraphon#5.app */ = {isa = PBXFileReference; explicitFileType = wrapper.application; includeInIndex = 0; path = "maraphon#5.app"; sourceTree = BUILT_PRODUCTS_DIR; };
		3B8A8EEF2A10F1B200E6F97D /* AppDelegate.swift */ = {isa = PBXFileReference; lastKnownFileType = sourcecode.swift; path = AppDelegate.swift; sourceTree = "<group>"; };
		3B8A8EF12A10F1B200E6F97D /* SceneDelegate.swift */ = {isa = PBXFileReference; lastKnownFileType = sourcecode.swift; path = SceneDelegate.swift; sourceTree = "<group>"; };
		3B8A8EF32A10F1B200E6F97D /* ViewController.swift */ = {isa = PBXFileReference; lastKnownFileType = sourcecode.swift; path = ViewController.swift; sourceTree = "<group>"; };
		3B8A8EF62A10F1B200E6F97D /* Base */ = {isa = PBXFileReference; lastKnownFileType = file.storyboard; name = Base; path = Base.lproj/Main.storyboard; sourceTree = "<group>"; };
		3B8A8EF82A10F1B200E6F97D /* Assets.xcassets */ = {isa = PBXFileReference; lastKnownFileType = folder.assetcatalog; path = Assets.xcassets; sourceTree = "<group>"; };
		3B8A8EFB2A10F1B200E6F97D /* Base */ = {isa = PBXFileReference; lastKnownFileType = file.storyboard; name = Base; path = Base.lproj/LaunchScreen.storyboard; sourceTree = "<group>"; };
		3B8A8EFD2A10F1B200E6F97D /* Info.plist */ = {isa = PBXFileReference; lastKnownFileType = text.plist.xml; path = Info.plist; sourceTree = "<group>"; };
		3B8A8F022A10F1B200E6F97D /* maraphon#5Tests.xctest */ = {isa = PBXFileReference; explicitFileType = wrapper.cfbundle; includeInIndex = 0; path = "maraphon#5Tests.xctest"; sourceTree = BUILT_PRODUCTS_DIR; };
		3B8A8F0C2A10F1B200E6F97D /* maraphon#5UITests.xctest */ = {isa = PBXFileReference; explicitFileType = wrapper.cfbundle; includeInIndex = 0; path = "maraphon#5UITests.xctest"; sourceTree = BUILT_PRODUCTS_DIR; };
		3B8A8F1F2A10F6FA00E6F97D /* ViewController2.swift */ = {isa = PBXFileReference; lastKnownFileType = sourcecode.swift; path = ViewController2.swift; sourceTree = "<group>"; };
/* End PBXFileReference section */

/* Begin PBXFrameworksBuildPhase section */
		3B8A8EE92A10F1B100E6F97D /* Frameworks */ = {
			isa = PBXFrameworksBuildPhase;
			buildActionMask = 2147483647;
			files = (
			);
			runOnlyForDeploymentPostprocessing = 0;
		};
		3B8A8EFF2A10F1B200E6F97D /* Frameworks */ = {
			isa = PBXFrameworksBuildPhase;
			buildActionMask = 2147483647;
			files = (
			);
			runOnlyForDeploymentPostprocessing = 0;
		};
		3B8A8F092A10F1B200E6F97D /* Frameworks */ = {
			isa = PBXFrameworksBuildPhase;
			buildActionMask = 2147483647;
			files = (
			);
			runOnlyForDeploymentPostprocessing = 0;
		};
/* End PBXFrameworksBuildPhase section */

/* Begin PBXGroup section */
		3B8A8EE32A10F1B100E6F97D = {
			isa = PBXGroup;
			children = (
				3B8A8EEE2A10F1B200E6F97D /* maraphon#5 */,
				3B8A8EED2A10F1B200E6F97D /* Products */,
			);
			sourceTree = "<group>";
		};
		3B8A8EED2A10F1B200E6F97D /* Products */ = {
			isa = PBXGroup;
			children = (
				3B8A8EEC2A10F1B200E6F97D /* maraphon#5.app */,
				3B8A8F022A10F1B200E6F97D /* maraphon#5Tests.xctest */,
				3B8A8F0C2A10F1B200E6F97D /* maraphon#5UITests.xctest */,
			);
			name = Products;
			sourceTree = "<group>";
		};
		3B8A8EEE2A10F1B200E6F97D /* maraphon#5 */ = {
			isa = PBXGroup;
			children = (
				3B8A8EEF2A10F1B200E6F97D /* AppDelegate.swift */,
				3B8A8EF12A10F1B200E6F97D /* SceneDelegate.swift */,
				3B8A8EF32A10F1B200E6F97D /* ViewController.swift */,
				3B8A8EF52A10F1B200E6F97D /* Main.storyboard */,
				3B8A8EF82A10F1B200E6F97D /* Assets.xcassets */,
				3B8A8EFA2A10F1B200E6F97D /* LaunchScreen.storyboard */,
				3B8A8EFD2A10F1B200E6F97D /* Info.plist */,
				3B8A8F1F2A10F6FA00E6F97D /* ViewController2.swift */,
			);
			path = "maraphon#5";
			sourceTree = "<group>";
		};
/* End PBXGroup section */

/* Begin PBXNativeTarget section */
		3B8A8EEB2A10F1B100E6F97D /* maraphon#5 */ = {
			isa = PBXNativeTarget;
			buildConfigurationList = 3B8A8F162A10F1B200E6F97D /* Build configuration list for PBXNativeTarget "maraphon#5" */;
			buildPhases = (
				3B8A8EE82A10F1B100E6F97D /* Sources */,
				3B8A8EE92A10F1B100E6F97D /* Frameworks */,
				3B8A8EEA2A10F1B100E6F97D /* Resources */,
			);
			buildRules = (
			);
			dependencies = (
			);
			name = "maraphon#5";
			productName = "maraphon#5";
			productReference = 3B8A8EEC2A10F1B200E6F97D /* maraphon#5.app */;
			productType = "com.apple.product-type.application";
		};
		3B8A8F012A10F1B200E6F97D /* maraphon#5Tests */ = {
			isa = PBXNativeTarget;
			buildConfigurationList = 3B8A8F192A10F1B200E6F97D /* Build configuration list for PBXNativeTarget "maraphon#5Tests" */;
			buildPhases = (
				3B8A8EFE2A10F1B200E6F97D /* Sources */,
				3B8A8EFF2A10F1B200E6F97D /* Frameworks */,
				3B8A8F002A10F1B200E6F97D /* Resources */,
			);
			buildRules = (
			);
			dependencies = (
				3B8A8F042A10F1B200E6F97D /* PBXTargetDependency */,
			);
			name = "maraphon#5Tests";
			productName = "maraphon#5Tests";
			productReference = 3B8A8F022A10F1B200E6F97D /* maraphon#5Tests.xctest */;
			productType = "com.apple.product-type.bundle.unit-test";
		};
		3B8A8F0B2A10F1B200E6F97D /* maraphon#5UITests */ = {
			isa = PBXNativeTarget;
			buildConfigurationList = 3B8A8F1C2A10F1B200E6F97D /* Build configuration list for PBXNativeTarget "maraphon#5UITests" */;
			buildPhases = (
				3B8A8F082A10F1B200E6F97D /* Sources */,
				3B8A8F092A10F1B200E6F97D /* Frameworks */,
				3B8A8F0A2A10F1B200E6F97D /* Resources */,
			);
			buildRules = (
			);
			dependencies = (
				3B8A8F0E2A10F1B200E6F97D /* PBXTargetDependency */,
			);
			name = "maraphon#5UITests";
			productName = "maraphon#5UITests";
			productReference = 3B8A8F0C2A10F1B200E6F97D /* maraphon#5UITests.xctest */;
			productType = "com.apple.product-type.bundle.ui-testing";
		};
/* End PBXNativeTarget section */

/* Begin PBXProject section */
		3B8A8EE42A10F1B100E6F97D /* Project object */ = {
			isa = PBXProject;
			attributes = {
				BuildIndependentTargetsInParallel = 1;
				LastSwiftUpdateCheck = 1430;
				LastUpgradeCheck = 1430;
				TargetAttributes = {
					3B8A8EEB2A10F1B100E6F97D = {
						CreatedOnToolsVersion = 14.3;
					};
					3B8A8F012A10F1B200E6F97D = {
						CreatedOnToolsVersion = 14.3;
						TestTargetID = 3B8A8EEB2A10F1B100E6F97D;
					};
					3B8A8F0B2A10F1B200E6F97D = {
						CreatedOnToolsVersion = 14.3;
						TestTargetID = 3B8A8EEB2A10F1B100E6F97D;
					};
				};
			};
			buildConfigurationList = 3B8A8EE72A10F1B100E6F97D /* Build configuration list for PBXProject "maraphon#5" */;
			compatibilityVersion = "Xcode 14.0";
			developmentRegion = en;
			hasScannedForEncodings = 0;
			knownRegions = (
				en,
				Base,
			);
			mainGroup = 3B8A8EE32A10F1B100E6F97D;
			productRefGroup = 3B8A8EED2A10F1B200E6F97D /* Products */;
			projectDirPath = "";
			projectRoot = "";
			targets = (
				3B8A8EEB2A10F1B100E6F97D /* maraphon#5 */,
				3B8A8F012A10F1B200E6F97D /* maraphon#5Tests */,
				3B8A8F0B2A10F1B200E6F97D /* maraphon#5UITests */,
			);
		};
/* End PBXProject section */

/* Begin PBXResourcesBuildPhase section */
		3B8A8EEA2A10F1B100E6F97D /* Resources */ = {
			isa = PBXResourcesBuildPhase;
			buildActionMask = 2147483647;
			files = (
				3B8A8EFC2A10F1B200E6F97D /* LaunchScreen.storyboard in Resources */,
				3B8A8EF92A10F1B200E6F97D /* Assets.xcassets in Resources */,
				3B8A8EF72A10F1B200E6F97D /* Main.storyboard in Resources */,
			);
			runOnlyForDeploymentPostprocessing = 0;
		};
		3B8A8F002A10F1B200E6F97D /* Resources */ = {
			isa = PBXResourcesBuildPhase;
			buildActionMask = 2147483647;
			files = (
			);
			runOnlyForDeploymentPostprocessing = 0;
		};
		3B8A8F0A2A10F1B200E6F97D /* Resources */ = {
			isa = PBXResourcesBuildPhase;
			buildActionMask = 2147483647;
			files = (
			);
			runOnlyForDeploymentPostprocessing = 0;
		};
/* End PBXResourcesBuildPhase section */

/* Begin PBXSourcesBuildPhase section */
		3B8A8EE82A10F1B100E6F97D /* Sources */ = {
			isa = PBXSourcesBuildPhase;
			buildActionMask = 2147483647;
			files = (
				3B8A8EF42A10F1B200E6F97D /* ViewController.swift in Sources */,
				3B8A8F202A10F6FA00E6F97D /* ViewController2.swift in Sources */,
				3B8A8EF02A10F1B200E6F97D /* AppDelegate.swift in Sources */,
				3B8A8EF22A10F1B200E6F97D /* SceneDelegate.swift in Sources */,
			);
			runOnlyForDeploymentPostprocessing = 0;
		};
		3B8A8EFE2A10F1B200E6F97D /* Sources */ = {
			isa = PBXSourcesBuildPhase;
			buildActionMask = 2147483647;
			files = (
			);
			runOnlyForDeploymentPostprocessing = 0;
		};
		3B8A8F082A10F1B200E6F97D /* Sources */ = {
			isa = PBXSourcesBuildPhase;
			buildActionMask = 2147483647;
			files = (
			);
			runOnlyForDeploymentPostprocessing = 0;
		};
/* End PBXSourcesBuildPhase section */

/* Begin PBXTargetDependency section */
		3B8A8F042A10F1B200E6F97D /* PBXTargetDependency */ = {
			isa = PBXTargetDependency;
			target = 3B8A8EEB2A10F1B100E6F97D /* maraphon#5 */;
			targetProxy = 3B8A8F032A10F1B200E6F97D /* PBXContainerItemProxy */;
		};
		3B8A8F0E2A10F1B200E6F97D /* PBXTargetDependency */ = {
			isa = PBXTargetDependency;
			target = 3B8A8EEB2A10F1B100E6F97D /* maraphon#5 */;
			targetProxy = 3B8A8F0D2A10F1B200E6F97D /* PBXContainerItemProxy */;
		};
/* End PBXTargetDependency section */

/* Begin PBXVariantGroup section */
		3B8A8EF52A10F1B200E6F97D /* Main.storyboard */ = {
			isa = PBXVariantGroup;
			children = (
				3B8A8EF62A10F1B200E6F97D /* Base */,
			);
			name = Main.storyboard;
			sourceTree = "<group>";
		};
		3B8A8EFA2A10F1B200E6F97D /* LaunchScreen.storyboard */ = {
			isa = PBXVariantGroup;
			children = (
				3B8A8EFB2A10F1B200E6F97D /* Base */,
			);
			name = LaunchScreen.storyboard;
			sourceTree = "<group>";
		};
/* End PBXVariantGroup section */

/* Begin XCBuildConfiguration section */
		3B8A8F142A10F1B200E6F97D /* Debug */ = {
			isa = XCBuildConfiguration;
			buildSettings = {
				ALWAYS_SEARCH_USER_PATHS = NO;
				CLANG_ANALYZER_NONNULL = YES;
				CLANG_ANALYZER_NUMBER_OBJECT_CONVERSION = YES_AGGRESSIVE;
				CLANG_CXX_LANGUAGE_STANDARD = "gnu++20";
				CLANG_ENABLE_MODULES = YES;
				CLANG_ENABLE_OBJC_ARC = YES;
				CLANG_ENABLE_OBJC_WEAK = YES;
				CLANG_WARN_BLOCK_CAPTURE_AUTORELEASING = YES;
				CLANG_WARN_BOOL_CONVERSION = YES;
				CLANG_WARN_COMMA = YES;
				CLANG_WARN_CONSTANT_CONVERSION = YES;
				CLANG_WARN_DEPRECATED_OBJC_IMPLEMENTATIONS = YES;
				CLANG_WARN_DIRECT_OBJC_ISA_USAGE = YES_ERROR;
				CLANG_WARN_DOCUMENTATION_COMMENTS = YES;
				CLANG_WARN_EMPTY_BODY = YES;
				CLANG_WARN_ENUM_CONVERSION = YES;
				CLANG_WARN_INFINITE_RECURSION = YES;
				CLANG_WARN_INT_CONVERSION = YES;
				CLANG_WARN_NON_LITERAL_NULL_CONVERSION = YES;
				CLANG_WARN_OBJC_IMPLICIT_RETAIN_SELF = YES;
				CLANG_WARN_OBJC_LITERAL_CONVERSION = YES;
				CLANG_WARN_OBJC_ROOT_CLASS = YES_ERROR;
				CLANG_WARN_QUOTED_INCLUDE_IN_FRAMEWORK_HEADER = YES;
				CLANG_WARN_RANGE_LOOP_ANALYSIS = YES;
				CLANG_WARN_STRICT_PROTOTYPES = YES;
				CLANG_WARN_SUSPICIOUS_MOVE = YES;
				CLANG_WARN_UNGUARDED_AVAILABILITY = YES_AGGRESSIVE;
				CLANG_WARN_UNREACHABLE_CODE = YES;
				CLANG_WARN__DUPLICATE_METHOD_MATCH = YES;
				COPY_PHASE_STRIP = NO;
				DEBUG_INFORMATION_FORMAT = dwarf;
				ENABLE_STRICT_OBJC_MSGSEND = YES;
				ENABLE_TESTABILITY = YES;
				GCC_C_LANGUAGE_STANDARD = gnu11;
				GCC_DYNAMIC_NO_PIC = NO;
				GCC_NO_COMMON_BLOCKS = YES;
				GCC_OPTIMIZATION_LEVEL = 0;
				GCC_PREPROCESSOR_DEFINITIONS = (
					"DEBUG=1",
					"$(inherited)",
				);
				GCC_WARN_64_TO_32_BIT_CONVERSION = YES;
				GCC_WARN_ABOUT_RETURN_TYPE = YES_ERROR;
				GCC_WARN_UNDECLARED_SELECTOR = YES;
				GCC_WARN_UNINITIALIZED_AUTOS = YES_AGGRESSIVE;
				GCC_WARN_UNUSED_FUNCTION = YES;
				GCC_WARN_UNUSED_VARIABLE = YES;
				IPHONEOS_DEPLOYMENT_TARGET = 16.4;
				MTL_ENABLE_DEBUG_INFO = INCLUDE_SOURCE;
				MTL_FAST_MATH = YES;
				ONLY_ACTIVE_ARCH = YES;
				SDKROOT = iphoneos;
				SWIFT_ACTIVE_COMPILATION_CONDITIONS = DEBUG;
				SWIFT_OPTIMIZATION_LEVEL = "-Onone";
			};
			name = Debug;
		};
		3B8A8F152A10F1B200E6F97D /* Release */ = {
			isa = XCBuildConfiguration;
			buildSettings = {
				ALWAYS_SEARCH_USER_PATHS = NO;
				CLANG_ANALYZER_NONNULL = YES;
				CLANG_ANALYZER_NUMBER_OBJECT_CONVERSION = YES_AGGRESSIVE;
				CLANG_CXX_LANGUAGE_STANDARD = "gnu++20";
				CLANG_ENABLE_MODULES = YES;
				CLANG_ENABLE_OBJC_ARC = YES;
				CLANG_ENABLE_OBJC_WEAK = YES;
				CLANG_WARN_BLOCK_CAPTURE_AUTORELEASING = YES;
				CLANG_WARN_BOOL_CONVERSION = YES;
				CLANG_WARN_COMMA = YES;
				CLANG_WARN_CONSTANT_CONVERSION = YES;
				CLANG_WARN_DEPRECATED_OBJC_IMPLEMENTATIONS = YES;
				CLANG_WARN_DIRECT_OBJC_ISA_USAGE = YES_ERROR;
				CLANG_WARN_DOCUMENTATION_COMMENTS = YES;
				CLANG_WARN_EMPTY_BODY = YES;
				CLANG_WARN_ENUM_CONVERSION = YES;
				CLANG_WARN_INFINITE_RECURSION = YES;
				CLANG_WARN_INT_CONVERSION = YES;
				CLANG_WARN_NON_LITERAL_NULL_CONVERSION = YES;
				CLANG_WARN_OBJC_IMPLICIT_RETAIN_SELF = YES;
				CLANG_WARN_OBJC_LITERAL_CONVERSION = YES;
				CLANG_WARN_OBJC_ROOT_CLASS = YES_ERROR;
				CLANG_WARN_QUOTED_INCLUDE_IN_FRAMEWORK_HEADER = YES;
				CLANG_WARN_RANGE_LOOP_ANALYSIS = YES;
				CLANG_WARN_STRICT_PROTOTYPES = YES;
				CLANG_WARN_SUSPICIOUS_MOVE = YES;
				CLANG_WARN_UNGUARDED_AVAILABILITY = YES_AGGRESSIVE;
				CLANG_WARN_UNREACHABLE_CODE = YES;
				CLANG_WARN__DUPLICATE_METHOD_MATCH = YES;
				COPY_PHASE_STRIP = NO;
				DEBUG_INFORMATION_FORMAT = "dwarf-with-dsym";
				ENABLE_NS_ASSERTIONS = NO;
				ENABLE_STRICT_OBJC_MSGSEND = YES;
				GCC_C_LANGUAGE_STANDARD = gnu11;
				GCC_NO_COMMON_BLOCKS = YES;
				GCC_WARN_64_TO_32_BIT_CONVERSION = YES;
				GCC_WARN_ABOUT_RETURN_TYPE = YES_ERROR;
				GCC_WARN_UNDECLARED_SELECTOR = YES;
				GCC_WARN_UNINITIALIZED_AUTOS = YES_AGGRESSIVE;
				GCC_WARN_UNUSED_FUNCTION = YES;
				GCC_WARN_UNUSED_VARIABLE = YES;
				IPHONEOS_DEPLOYMENT_TARGET = 16.4;
				MTL_ENABLE_DEBUG_INFO = NO;
				MTL_FAST_MATH = YES;
				SDKROOT = iphoneos;
				SWIFT_COMPILATION_MODE = wholemodule;
				SWIFT_OPTIMIZATION_LEVEL = "-O";
				VALIDATE_PRODUCT = YES;
			};
			name = Release;
		};
		3B8A8F172A10F1B200E6F97D /* Debug */ = {
			isa = XCBuildConfiguration;
			buildSettings = {
				ASSETCATALOG_COMPILER_APPICON_NAME = AppIcon;
				ASSETCATALOG_COMPILER_GLOBAL_ACCENT_COLOR_NAME = AccentColor;
				CODE_SIGN_STYLE = Automatic;
				CURRENT_PROJECT_VERSION = 1;
				DEVELOPMENT_TEAM = BHK675K292;
				GENERATE_INFOPLIST_FILE = YES;
				INFOPLIST_FILE = "maraphon#5/Info.plist";
				INFOPLIST_KEY_UIApplicationSupportsIndirectInputEvents = YES;
				INFOPLIST_KEY_UILaunchStoryboardName = LaunchScreen;
				INFOPLIST_KEY_UISupportedInterfaceOrientations_iPad = "UIInterfaceOrientationPortrait UIInterfaceOrientationPortraitUpsideDown UIInterfaceOrientationLandscapeLeft UIInterfaceOrientationLandscapeRight";
				INFOPLIST_KEY_UISupportedInterfaceOrientations_iPhone = "UIInterfaceOrientationPortrait UIInterfaceOrientationLandscapeLeft UIInterfaceOrientationLandscapeRight";
				LD_RUNPATH_SEARCH_PATHS = (
					"$(inherited)",
					"@executable_path/Frameworks",
				);
				MARKETING_VERSION = 1.0;
				PRODUCT_BUNDLE_IDENTIFIER = "gg.maraphon-5";
				PRODUCT_NAME = "$(TARGET_NAME)";
				SWIFT_EMIT_LOC_STRINGS = YES;
				SWIFT_VERSION = 5.0;
				TARGETED_DEVICE_FAMILY = "1,2";
			};
			name = Debug;
		};
		3B8A8F182A10F1B200E6F97D /* Release */ = {
			isa = XCBuildConfiguration;
			buildSettings = {
				ASSETCATALOG_COMPILER_APPICON_NAME = AppIcon;
				ASSETCATALOG_COMPILER_GLOBAL_ACCENT_COLOR_NAME = AccentColor;
				CODE_SIGN_STYLE = Automatic;
				CURRENT_PROJECT_VERSION = 1;
				DEVELOPMENT_TEAM = BHK675K292;
				GENERATE_INFOPLIST_FILE = YES;
				INFOPLIST_FILE = "maraphon#5/Info.plist";
				INFOPLIST_KEY_UIApplicationSupportsIndirectInputEvents = YES;
				INFOPLIST_KEY_UILaunchStoryboardName = LaunchScreen;
				INFOPLIST_KEY_UISupportedInterfaceOrientations_iPad = "UIInterfaceOrientationPortrait UIInterfaceOrientationPortraitUpsideDown UIInterfaceOrientationLandscapeLeft UIInterfaceOrientationLandscapeRight";
				INFOPLIST_KEY_UISupportedInterfaceOrientations_iPhone = "UIInterfaceOrientationPortrait UIInterfaceOrientationLandscapeLeft UIInterfaceOrientationLandscapeRight";
				LD_RUNPATH_SEARCH_PATHS = (
					"$(inherited)",
					"@executable_path/Frameworks",
				);
				MARKETING_VERSION = 1.0;
				PRODUCT_BUNDLE_IDENTIFIER = "gg.maraphon-5";
				PRODUCT_NAME = "$(TARGET_NAME)";
				SWIFT_EMIT_LOC_STRINGS = YES;
				SWIFT_VERSION = 5.0;
				TARGETED_DEVICE_FAMILY = "1,2";
			};
			name = Release;
		};
		3B8A8F1A2A10F1B200E6F97D /* Debug */ = {
			isa = XCBuildConfiguration;
			buildSettings = {
				ALWAYS_EMBED_SWIFT_STANDARD_LIBRARIES = YES;
				BUNDLE_LOADER = "$(TEST_HOST)";
				CODE_SIGN_STYLE = Automatic;
				CURRENT_PROJECT_VERSION = 1;
				DEVELOPMENT_TEAM = BHK675K292;
				GENERATE_INFOPLIST_FILE = YES;
				IPHONEOS_DEPLOYMENT_TARGET = 16.4;
				MARKETING_VERSION = 1.0;
				PRODUCT_BUNDLE_IDENTIFIER = "gg.maraphon-5Tests";
				PRODUCT_NAME = "$(TARGET_NAME)";
				SWIFT_EMIT_LOC_STRINGS = NO;
				SWIFT_VERSION = 5.0;
				TARGETED_DEVICE_FAMILY = "1,2";
				TEST_HOST = "$(BUILT_PRODUCTS_DIR)/maraphon#5.app/$(BUNDLE_EXECUTABLE_FOLDER_PATH)/maraphon#5";
			};
			name = Debug;
		};
		3B8A8F1B2A10F1B200E6F97D /* Release */ = {
			isa = XCBuildConfiguration;
			buildSettings = {
				ALWAYS_EMBED_SWIFT_STANDARD_LIBRARIES = YES;
				BUNDLE_LOADER = "$(TEST_HOST)";
				CODE_SIGN_STYLE = Automatic;
				CURRENT_PROJECT_VERSION = 1;
				DEVELOPMENT_TEAM = BHK675K292;
				GENERATE_INFOPLIST_FILE = YES;
				IPHONEOS_DEPLOYMENT_TARGET = 16.4;
				MARKETING_VERSION = 1.0;
				PRODUCT_BUNDLE_IDENTIFIER = "gg.maraphon-5Tests";
				PRODUCT_NAME = "$(TARGET_NAME)";
				SWIFT_EMIT_LOC_STRINGS = NO;
				SWIFT_VERSION = 5.0;
				TARGETED_DEVICE_FAMILY = "1,2";
				TEST_HOST = "$(BUILT_PRODUCTS_DIR)/maraphon#5.app/$(BUNDLE_EXECUTABLE_FOLDER_PATH)/maraphon#5";
			};
			name = Release;
		};
		3B8A8F1D2A10F1B200E6F97D /* Debug */ = {
			isa = XCBuildConfiguration;
			buildSettings = {
				ALWAYS_EMBED_SWIFT_STANDARD_LIBRARIES = YES;
				CODE_SIGN_STYLE = Automatic;
				CURRENT_PROJECT_VERSION = 1;
				DEVELOPMENT_TEAM = BHK675K292;
				GENERATE_INFOPLIST_FILE = YES;
				MARKETING_VERSION = 1.0;
				PRODUCT_BUNDLE_IDENTIFIER = "gg.maraphon-5UITests";
				PRODUCT_NAME = "$(TARGET_NAME)";
				SWIFT_EMIT_LOC_STRINGS = NO;
				SWIFT_VERSION = 5.0;
				TARGETED_DEVICE_FAMILY = "1,2";
				TEST_TARGET_NAME = "maraphon#5";
			};
			name = Debug;
		};
		3B8A8F1E2A10F1B200E6F97D /* Release */ = {
			isa = XCBuildConfiguration;
			buildSettings = {
				ALWAYS_EMBED_SWIFT_STANDARD_LIBRARIES = YES;
				CODE_SIGN_STYLE = Automatic;
				CURRENT_PROJECT_VERSION = 1;
				DEVELOPMENT_TEAM = BHK675K292;
				GENERATE_INFOPLIST_FILE = YES;
				MARKETING_VERSION = 1.0;
				PRODUCT_BUNDLE_IDENTIFIER = "gg.maraphon-5UITests";
				PRODUCT_NAME = "$(TARGET_NAME)";
				SWIFT_EMIT_LOC_STRINGS = NO;
				SWIFT_VERSION = 5.0;
				TARGETED_DEVICE_FAMILY = "1,2";
				TEST_TARGET_NAME = "maraphon#5";
			};
			name = Release;
		};
/* End XCBuildConfiguration section */

/* Begin XCConfigurationList section */
		3B8A8EE72A10F1B100E6F97D /* Build configuration list for PBXProject "maraphon#5" */ = {
			isa = XCConfigurationList;
			buildConfigurations = (
				3B8A8F142A10F1B200E6F97D /* Debug */,
				3B8A8F152A10F1B200E6F97D /* Release */,
			);
			defaultConfigurationIsVisible = 0;
			defaultConfigurationName = Release;
		};
		3B8A8F162A10F1B200E6F97D /* Build configuration list for PBXNativeTarget "maraphon#5" */ = {
			isa = XCConfigurationList;
			buildConfigurations = (
				3B8A8F172A10F1B200E6F97D /* Debug */,
				3B8A8F182A10F1B200E6F97D /* Release */,
			);
			defaultConfigurationIsVisible = 0;
			defaultConfigurationName = Release;
		};
		3B8A8F192A10F1B200E6F97D /* Build configuration list for PBXNativeTarget "maraphon#5Tests" */ = {
			isa = XCConfigurationList;
			buildConfigurations = (
				3B8A8F1A2A10F1B200E6F97D /* Debug */,
				3B8A8F1B2A10F1B200E6F97D /* Release */,
			);
			defaultConfigurationIsVisible = 0;
			defaultConfigurationName = Release;
		};
		3B8A8F1C2A10F1B200E6F97D /* Build configuration list for PBXNativeTarget "maraphon#5UITests" */ = {
			isa = XCConfigurationList;
			buildConfigurations = (
				3B8A8F1D2A10F1B200E6F97D /* Debug */,
				3B8A8F1E2A10F1B200E6F97D /* Release */,
			);
			defaultConfigurationIsVisible = 0;
			defaultConfigurationName = Release;
		};
/* End XCConfigurationList section */
	};
	rootObject = 3B8A8EE42A10F1B100E6F97D /* Project object */;
}
